// !$*UTF8*$!
{
	archiveVersion = 1;
	classes = {
	};
	objectVersion = 48;
	objects = {

/* Begin PBXBuildFile section */
		0338A2BF2307AD890027808A /* Subtitles in Resources */ = {isa = PBXBuildFile; fileRef = 0338A2BE2307AD890027808A /* Subtitles */; };
		0395DCCD1FD4E48C00290FE4 /* RESubtitleItem.m in Sources */ = {isa = PBXBuildFile; fileRef = 0395DCCC1FD4E48C00290FE4 /* RESubtitleItem.m */; };
		0395DCD01FD4EB0100290FE4 /* RESrtSubtitleParser.m in Sources */ = {isa = PBXBuildFile; fileRef = 0395DCCF1FD4EB0100290FE4 /* RESrtSubtitleParser.m */; };
		0395DCD41FD5373700290FE4 /* RESubtitleViewModel.m in Sources */ = {isa = PBXBuildFile; fileRef = 0395DCD31FD5373700290FE4 /* RESubtitleViewModel.m */; };
		0395DCD71FD55A9E00290FE4 /* RESubtitleManager.m in Sources */ = {isa = PBXBuildFile; fileRef = 0395DCD61FD55A9E00290FE4 /* RESubtitleManager.m */; };
		03AC206F2307B0B500D9E2E8 /* RESubtitleParser.m in Sources */ = {isa = PBXBuildFile; fileRef = 03AC206E2307B0B500D9E2E8 /* RESubtitleParser.m */; };
		03AC20722307B13F00D9E2E8 /* RESsaSubtitleParser.m in Sources */ = {isa = PBXBuildFile; fileRef = 03AC20712307B13F00D9E2E8 /* RESsaSubtitleParser.m */; };
		03AC207A2307B62100D9E2E8 /* main.m in Sources */ = {isa = PBXBuildFile; fileRef = 03AC20792307B62100D9E2E8 /* main.m */; };
		03AC20802307B7A000D9E2E8 /* Subtitles in CopyFiles */ = {isa = PBXBuildFile; fileRef = 0338A2BE2307AD890027808A /* Subtitles */; };
		03AC20832307BB6300D9E2E8 /* README.md in Resources */ = {isa = PBXBuildFile; fileRef = 03AC20822307BB6200D9E2E8 /* README.md */; };
		03AC20862307EA0F00D9E2E8 /* RESubtitleItem.m in Sources */ = {isa = PBXBuildFile; fileRef = 0395DCCC1FD4E48C00290FE4 /* RESubtitleItem.m */; };
		03AC20882307EA0F00D9E2E8 /* RESrtSubtitleParser.m in Sources */ = {isa = PBXBuildFile; fileRef = 0395DCCF1FD4EB0100290FE4 /* RESrtSubtitleParser.m */; };
		03AC208A2307EA0F00D9E2E8 /* RESubtitleParser.m in Sources */ = {isa = PBXBuildFile; fileRef = 03AC206E2307B0B500D9E2E8 /* RESubtitleParser.m */; };
		03AC208C2307EA0F00D9E2E8 /* RESsaSubtitleParser.m in Sources */ = {isa = PBXBuildFile; fileRef = 03AC20712307B13F00D9E2E8 /* RESsaSubtitleParser.m */; };
		03AC208F2307EDBF00D9E2E8 /* RESubtitleItem+RichText.m in Sources */ = {isa = PBXBuildFile; fileRef = 03AC208E2307EDBF00D9E2E8 /* RESubtitleItem+RichText.m */; };
		03ADA27A230711C300E0AAF9 /* LaunchScreen.storyboard in Resources */ = {isa = PBXBuildFile; fileRef = 03ADA26D230711C300E0AAF9 /* LaunchScreen.storyboard */; };
		03ADA27B230711C300E0AAF9 /* Assets.xcassets in Resources */ = {isa = PBXBuildFile; fileRef = 03ADA26F230711C300E0AAF9 /* Assets.xcassets */; };
		03ADA27C230711C300E0AAF9 /* ViewController.m in Sources */ = {isa = PBXBuildFile; fileRef = 03ADA270230711C300E0AAF9 /* ViewController.m */; };
		03ADA27F230711C300E0AAF9 /* Main.storyboard in Resources */ = {isa = PBXBuildFile; fileRef = 03ADA274230711C300E0AAF9 /* Main.storyboard */; };
		03ADA280230711C300E0AAF9 /* main.m in Sources */ = {isa = PBXBuildFile; fileRef = 03ADA276230711C300E0AAF9 /* main.m */; };
		03ADA281230711C300E0AAF9 /* AppDelegate.m in Sources */ = {isa = PBXBuildFile; fileRef = 03ADA277230711C300E0AAF9 /* AppDelegate.m */; };
/* End PBXBuildFile section */

/* Begin PBXCopyFilesBuildPhase section */
		03AC20752307B62000D9E2E8 /* CopyFiles */ = {
			isa = PBXCopyFilesBuildPhase;
			buildActionMask = 12;
			dstPath = "";
			dstSubfolderSpec = 16;
			files = (
				03AC20802307B7A000D9E2E8 /* Subtitles in CopyFiles */,
			);
			runOnlyForDeploymentPostprocessing = 0;
		};
/* End PBXCopyFilesBuildPhase section */

/* Begin PBXFileReference section */
		0338A2BE2307AD890027808A /* Subtitles */ = {isa = PBXFileReference; lastKnownFileType = folder; path = Subtitles; sourceTree = "<group>"; };
		0395DCAE1FD4E42100290FE4 /* SubtitleDemo.app */ = {isa = PBXFileReference; explicitFileType = wrapper.application; includeInIndex = 0; path = SubtitleDemo.app; sourceTree = BUILT_PRODUCTS_DIR; };
		0395DCCB1FD4E48C00290FE4 /* RESubtitleItem.h */ = {isa = PBXFileReference; lastKnownFileType = sourcecode.c.h; path = RESubtitleItem.h; sourceTree = "<group>"; };
		0395DCCC1FD4E48C00290FE4 /* RESubtitleItem.m */ = {isa = PBXFileReference; lastKnownFileType = sourcecode.c.objc; path = RESubtitleItem.m; sourceTree = "<group>"; };
		0395DCCE1FD4EB0100290FE4 /* RESrtSubtitleParser.h */ = {isa = PBXFileReference; lastKnownFileType = sourcecode.c.h; path = RESrtSubtitleParser.h; sourceTree = "<group>"; };
		0395DCCF1FD4EB0100290FE4 /* RESrtSubtitleParser.m */ = {isa = PBXFileReference; lastKnownFileType = sourcecode.c.objc; path = RESrtSubtitleParser.m; sourceTree = "<group>"; };
		0395DCD21FD5373700290FE4 /* RESubtitleViewModel.h */ = {isa = PBXFileReference; lastKnownFileType = sourcecode.c.h; path = RESubtitleViewModel.h; sourceTree = "<group>"; };
		0395DCD31FD5373700290FE4 /* RESubtitleViewModel.m */ = {isa = PBXFileReference; lastKnownFileType = sourcecode.c.objc; path = RESubtitleViewModel.m; sourceTree = "<group>"; };
		0395DCD51FD55A9E00290FE4 /* RESubtitleManager.h */ = {isa = PBXFileReference; lastKnownFileType = sourcecode.c.h; path = RESubtitleManager.h; sourceTree = "<group>"; };
		0395DCD61FD55A9E00290FE4 /* RESubtitleManager.m */ = {isa = PBXFileReference; lastKnownFileType = sourcecode.c.objc; path = RESubtitleManager.m; sourceTree = "<group>"; };
		03AC206D2307B0B500D9E2E8 /* RESubtitleParser.h */ = {isa = PBXFileReference; lastKnownFileType = sourcecode.c.h; path = RESubtitleParser.h; sourceTree = "<group>"; };
		03AC206E2307B0B500D9E2E8 /* RESubtitleParser.m */ = {isa = PBXFileReference; lastKnownFileType = sourcecode.c.objc; path = RESubtitleParser.m; sourceTree = "<group>"; };
		03AC20702307B13F00D9E2E8 /* RESsaSubtitleParser.h */ = {isa = PBXFileReference; lastKnownFileType = sourcecode.c.h; path = RESsaSubtitleParser.h; sourceTree = "<group>"; };
		03AC20712307B13F00D9E2E8 /* RESsaSubtitleParser.m */ = {isa = PBXFileReference; lastKnownFileType = sourcecode.c.objc; path = RESsaSubtitleParser.m; sourceTree = "<group>"; };
		03AC20772307B62000D9E2E8 /* ParserDemo */ = {isa = PBXFileReference; explicitFileType = "compiled.mach-o.executable"; includeInIndex = 0; path = ParserDemo; sourceTree = BUILT_PRODUCTS_DIR; };
		03AC20792307B62100D9E2E8 /* main.m */ = {isa = PBXFileReference; lastKnownFileType = sourcecode.c.objc; path = main.m; sourceTree = "<group>"; };
		03AC20822307BB6200D9E2E8 /* README.md */ = {isa = PBXFileReference; fileEncoding = 4; lastKnownFileType = net.daringfireball.markdown; name = README.md; path = ../README.md; sourceTree = "<group>"; };
		03AC20842307BBD500D9E2E8 /* TODO.md */ = {isa = PBXFileReference; lastKnownFileType = net.daringfireball.markdown; name = TODO.md; path = ../TODO.md; sourceTree = "<group>"; };
		03AC208D2307EDBF00D9E2E8 /* RESubtitleItem+RichText.h */ = {isa = PBXFileReference; lastKnownFileType = sourcecode.c.h; path = "RESubtitleItem+RichText.h"; sourceTree = "<group>"; };
		03AC208E2307EDBF00D9E2E8 /* RESubtitleItem+RichText.m */ = {isa = PBXFileReference; lastKnownFileType = sourcecode.c.objc; path = "RESubtitleItem+RichText.m"; sourceTree = "<group>"; };
		03ADA26D230711C300E0AAF9 /* LaunchScreen.storyboard */ = {isa = PBXFileReference; fileEncoding = 4; lastKnownFileType = file.storyboard; path = LaunchScreen.storyboard; sourceTree = "<group>"; };
		03ADA26E230711C300E0AAF9 /* AppDelegate.h */ = {isa = PBXFileReference; fileEncoding = 4; lastKnownFileType = sourcecode.c.h; path = AppDelegate.h; sourceTree = "<group>"; };
		03ADA26F230711C300E0AAF9 /* Assets.xcassets */ = {isa = PBXFileReference; lastKnownFileType = folder.assetcatalog; path = Assets.xcassets; sourceTree = "<group>"; };
		03ADA270230711C300E0AAF9 /* ViewController.m */ = {isa = PBXFileReference; fileEncoding = 4; lastKnownFileType = sourcecode.c.objc; path = ViewController.m; sourceTree = "<group>"; };
		03ADA275230711C300E0AAF9 /* Base */ = {isa = PBXFileReference; lastKnownFileType = file.storyboard; name = Base; path = Base.lproj/Main.storyboard; sourceTree = "<group>"; };
		03ADA276230711C300E0AAF9 /* main.m */ = {isa = PBXFileReference; fileEncoding = 4; lastKnownFileType = sourcecode.c.objc; path = main.m; sourceTree = "<group>"; };
		03ADA277230711C300E0AAF9 /* AppDelegate.m */ = {isa = PBXFileReference; fileEncoding = 4; lastKnownFileType = sourcecode.c.objc; path = AppDelegate.m; sourceTree = "<group>"; };
		03ADA278230711C300E0AAF9 /* Info.plist */ = {isa = PBXFileReference; fileEncoding = 4; lastKnownFileType = text.plist.xml; path = Info.plist; sourceTree = "<group>"; };
		03ADA279230711C300E0AAF9 /* ViewController.h */ = {isa = PBXFileReference; fileEncoding = 4; lastKnownFileType = sourcecode.c.h; path = ViewController.h; sourceTree = "<group>"; };
/* End PBXFileReference section */

/* Begin PBXFrameworksBuildPhase section */
		0395DCAB1FD4E42100290FE4 /* Frameworks */ = {
			isa = PBXFrameworksBuildPhase;
			buildActionMask = 2147483647;
			files = (
			);
			runOnlyForDeploymentPostprocessing = 0;
		};
		03AC20742307B62000D9E2E8 /* Frameworks */ = {
			isa = PBXFrameworksBuildPhase;
			buildActionMask = 2147483647;
			files = (
			);
			runOnlyForDeploymentPostprocessing = 0;
		};
/* End PBXFrameworksBuildPhase section */

/* Begin PBXGroup section */
		0395DCA51FD4E42100290FE4 = {
			isa = PBXGroup;
			children = (
				03AC20822307BB6200D9E2E8 /* README.md */,
				03AC20842307BBD500D9E2E8 /* TODO.md */,
				0338A2BE2307AD890027808A /* Subtitles */,
				0395DCC71FD4E43000290FE4 /* RESubtitle */,
				03ADA26C230711C300E0AAF9 /* SubtitleDemo */,
				03AC20782307B62100D9E2E8 /* ParserDemo */,
				0395DCAF1FD4E42100290FE4 /* Products */,
			);
			sourceTree = "<group>";
		};
		0395DCAF1FD4E42100290FE4 /* Products */ = {
			isa = PBXGroup;
			children = (
				0395DCAE1FD4E42100290FE4 /* SubtitleDemo.app */,
				03AC20772307B62000D9E2E8 /* ParserDemo */,
			);
			name = Products;
			sourceTree = "<group>";
		};
		0395DCC71FD4E43000290FE4 /* RESubtitle */ = {
			isa = PBXGroup;
			children = (
				0395DCD11FD5371900290FE4 /* UI */,
				0395DCC81FD4E43000290FE4 /* Parsers */,
			);
			name = RESubtitle;
			path = ../RESubtitle;
			sourceTree = "<group>";
		};
		0395DCC81FD4E43000290FE4 /* Parsers */ = {
			isa = PBXGroup;
			children = (
				0395DCCB1FD4E48C00290FE4 /* RESubtitleItem.h */,
				0395DCCC1FD4E48C00290FE4 /* RESubtitleItem.m */,
				0395DCCE1FD4EB0100290FE4 /* RESrtSubtitleParser.h */,
				0395DCCF1FD4EB0100290FE4 /* RESrtSubtitleParser.m */,
				03AC206D2307B0B500D9E2E8 /* RESubtitleParser.h */,
				03AC206E2307B0B500D9E2E8 /* RESubtitleParser.m */,
				03AC20702307B13F00D9E2E8 /* RESsaSubtitleParser.h */,
				03AC20712307B13F00D9E2E8 /* RESsaSubtitleParser.m */,
			);
			path = Parsers;
			sourceTree = "<group>";
		};
		0395DCD11FD5371900290FE4 /* UI */ = {
			isa = PBXGroup;
			children = (
				0395DCD21FD5373700290FE4 /* RESubtitleViewModel.h */,
				0395DCD31FD5373700290FE4 /* RESubtitleViewModel.m */,
				0395DCD51FD55A9E00290FE4 /* RESubtitleManager.h */,
				0395DCD61FD55A9E00290FE4 /* RESubtitleManager.m */,
				03AC208D2307EDBF00D9E2E8 /* RESubtitleItem+RichText.h */,
				03AC208E2307EDBF00D9E2E8 /* RESubtitleItem+RichText.m */,
			);
			path = UI;
			sourceTree = "<group>";
		};
		03AC20782307B62100D9E2E8 /* ParserDemo */ = {
			isa = PBXGroup;
			children = (
				03AC20792307B62100D9E2E8 /* main.m */,
			);
			path = ParserDemo;
			sourceTree = "<group>";
		};
		03ADA26C230711C300E0AAF9 /* SubtitleDemo */ = {
			isa = PBXGroup;
			children = (
				03ADA26E230711C300E0AAF9 /* AppDelegate.h */,
				03ADA277230711C300E0AAF9 /* AppDelegate.m */,
				03ADA26F230711C300E0AAF9 /* Assets.xcassets */,
				03ADA278230711C300E0AAF9 /* Info.plist */,
				03ADA26D230711C300E0AAF9 /* LaunchScreen.storyboard */,
				03ADA276230711C300E0AAF9 /* main.m */,
				03ADA274230711C300E0AAF9 /* Main.storyboard */,
				03ADA279230711C300E0AAF9 /* ViewController.h */,
				03ADA270230711C300E0AAF9 /* ViewController.m */,
			);
			path = SubtitleDemo;
			sourceTree = "<group>";
		};
/* End PBXGroup section */

/* Begin PBXNativeTarget section */
		0395DCAD1FD4E42100290FE4 /* SubtitleDemo */ = {
			isa = PBXNativeTarget;
			buildConfigurationList = 0395DCC41FD4E42100290FE4 /* Build configuration list for PBXNativeTarget "SubtitleDemo" */;
			buildPhases = (
				0395DCAA1FD4E42100290FE4 /* Sources */,
				0395DCAB1FD4E42100290FE4 /* Frameworks */,
				0395DCAC1FD4E42100290FE4 /* Resources */,
			);
			buildRules = (
			);
			dependencies = (
			);
			name = SubtitleDemo;
			productName = PLVSubtitleDemo;
			productReference = 0395DCAE1FD4E42100290FE4 /* SubtitleDemo.app */;
			productType = "com.apple.product-type.application";
		};
		03AC20762307B62000D9E2E8 /* ParserDemo */ = {
			isa = PBXNativeTarget;
			buildConfigurationList = 03AC207B2307B62100D9E2E8 /* Build configuration list for PBXNativeTarget "ParserDemo" */;
			buildPhases = (
				03AC20732307B62000D9E2E8 /* Sources */,
				03AC20742307B62000D9E2E8 /* Frameworks */,
				03AC20752307B62000D9E2E8 /* CopyFiles */,
			);
			buildRules = (
			);
			dependencies = (
			);
			name = ParserDemo;
			productName = ParserDemo;
			productReference = 03AC20772307B62000D9E2E8 /* ParserDemo */;
			productType = "com.apple.product-type.tool";
		};
/* End PBXNativeTarget section */

/* Begin PBXProject section */
		0395DCA61FD4E42100290FE4 /* Project object */ = {
			isa = PBXProject;
			attributes = {
				CLASSPREFIX = RE;
				LastUpgradeCheck = 0910;
				ORGANIZATIONNAME = RTE;
				TargetAttributes = {
					0395DCAD1FD4E42100290FE4 = {
						CreatedOnToolsVersion = 9.1;
						ProvisioningStyle = Automatic;
					};
					03AC20762307B62000D9E2E8 = {
						CreatedOnToolsVersion = 9.4.1;
						ProvisioningStyle = Automatic;
					};
				};
			};
			buildConfigurationList = 0395DCA91FD4E42100290FE4 /* Build configuration list for PBXProject "SubtitleDemo" */;
			compatibilityVersion = "Xcode 8.0";
			developmentRegion = en;
			hasScannedForEncodings = 0;
			knownRegions = (
				en,
				Base,
			);
			mainGroup = 0395DCA51FD4E42100290FE4;
			productRefGroup = 0395DCAF1FD4E42100290FE4 /* Products */;
			projectDirPath = "";
			projectRoot = "";
			targets = (
				0395DCAD1FD4E42100290FE4 /* SubtitleDemo */,
				03AC20762307B62000D9E2E8 /* ParserDemo */,
			);
		};
/* End PBXProject section */

/* Begin PBXResourcesBuildPhase section */
		0395DCAC1FD4E42100290FE4 /* Resources */ = {
			isa = PBXResourcesBuildPhase;
			buildActionMask = 2147483647;
			files = (
				0338A2BF2307AD890027808A /* Subtitles in Resources */,
				03ADA27F230711C300E0AAF9 /* Main.storyboard in Resources */,
				03AC20832307BB6300D9E2E8 /* README.md in Resources */,
				03ADA27B230711C300E0AAF9 /* Assets.xcassets in Resources */,
				03ADA27A230711C300E0AAF9 /* LaunchScreen.storyboard in Resources */,
			);
			runOnlyForDeploymentPostprocessing = 0;
		};
/* End PBXResourcesBuildPhase section */

/* Begin PBXSourcesBuildPhase section */
		0395DCAA1FD4E42100290FE4 /* Sources */ = {
			isa = PBXSourcesBuildPhase;
			buildActionMask = 2147483647;
			files = (
				0395DCCD1FD4E48C00290FE4 /* RESubtitleItem.m in Sources */,
				0395DCD71FD55A9E00290FE4 /* RESubtitleManager.m in Sources */,
				0395DCD41FD5373700290FE4 /* RESubtitleViewModel.m in Sources */,
				03AC20722307B13F00D9E2E8 /* RESsaSubtitleParser.m in Sources */,
				0395DCD01FD4EB0100290FE4 /* RESrtSubtitleParser.m in Sources */,
				03ADA280230711C300E0AAF9 /* main.m in Sources */,
				03AC206F2307B0B500D9E2E8 /* RESubtitleParser.m in Sources */,
				03ADA27C230711C300E0AAF9 /* ViewController.m in Sources */,
				03AC208F2307EDBF00D9E2E8 /* RESubtitleItem+RichText.m in Sources */,
				03ADA281230711C300E0AAF9 /* AppDelegate.m in Sources */,
			);
			runOnlyForDeploymentPostprocessing = 0;
		};
		03AC20732307B62000D9E2E8 /* Sources */ = {
			isa = PBXSourcesBuildPhase;
			buildActionMask = 2147483647;
			files = (
				03AC20862307EA0F00D9E2E8 /* RESubtitleItem.m in Sources */,
				03AC20882307EA0F00D9E2E8 /* RESrtSubtitleParser.m in Sources */,
				03AC208A2307EA0F00D9E2E8 /* RESubtitleParser.m in Sources */,
				03AC208C2307EA0F00D9E2E8 /* RESsaSubtitleParser.m in Sources */,
				03AC207A2307B62100D9E2E8 /* main.m in Sources */,
			);
			runOnlyForDeploymentPostprocessing = 0;
		};
/* End PBXSourcesBuildPhase section */

/* Begin PBXVariantGroup section */
		03ADA274230711C300E0AAF9 /* Main.storyboard */ = {
			isa = PBXVariantGroup;
			children = (
				03ADA275230711C300E0AAF9 /* Base */,
			);
			name = Main.storyboard;
			sourceTree = "<group>";
		};
/* End PBXVariantGroup section */

/* Begin XCBuildConfiguration section */
		0395DCC21FD4E42100290FE4 /* Debug */ = {
			isa = XCBuildConfiguration;
			buildSettings = {
				ALWAYS_SEARCH_USER_PATHS = NO;
				CLANG_ANALYZER_NONNULL = YES;
				CLANG_ANALYZER_NUMBER_OBJECT_CONVERSION = YES_AGGRESSIVE;
				CLANG_CXX_LANGUAGE_STANDARD = "gnu++14";
				CLANG_CXX_LIBRARY = "libc++";
				CLANG_ENABLE_MODULES = YES;
				CLANG_ENABLE_OBJC_ARC = YES;
				CLANG_WARN_BLOCK_CAPTURE_AUTORELEASING = YES;
				CLANG_WARN_BOOL_CONVERSION = YES;
				CLANG_WARN_COMMA = YES;
				CLANG_WARN_CONSTANT_CONVERSION = YES;
				CLANG_WARN_DIRECT_OBJC_ISA_USAGE = YES_ERROR;
				CLANG_WARN_DOCUMENTATION_COMMENTS = YES;
				CLANG_WARN_EMPTY_BODY = YES;
				CLANG_WARN_ENUM_CONVERSION = YES;
				CLANG_WARN_INFINITE_RECURSION = YES;
				CLANG_WARN_INT_CONVERSION = YES;
				CLANG_WARN_NON_LITERAL_NULL_CONVERSION = YES;
				CLANG_WARN_OBJC_LITERAL_CONVERSION = YES;
				CLANG_WARN_OBJC_ROOT_CLASS = YES_ERROR;
				CLANG_WARN_RANGE_LOOP_ANALYSIS = YES;
				CLANG_WARN_STRICT_PROTOTYPES = YES;
				CLANG_WARN_SUSPICIOUS_MOVE = YES;
				CLANG_WARN_UNGUARDED_AVAILABILITY = YES_AGGRESSIVE;
				CLANG_WARN_UNREACHABLE_CODE = YES;
				CLANG_WARN__DUPLICATE_METHOD_MATCH = YES;
				CODE_SIGN_IDENTITY = "iPhone Developer";
				COPY_PHASE_STRIP = NO;
				DEBUG_INFORMATION_FORMAT = dwarf;
				ENABLE_STRICT_OBJC_MSGSEND = YES;
				ENABLE_TESTABILITY = YES;
				GCC_C_LANGUAGE_STANDARD = gnu11;
				GCC_DYNAMIC_NO_PIC = NO;
				GCC_NO_COMMON_BLOCKS = YES;
				GCC_OPTIMIZATION_LEVEL = 0;
				GCC_PREPROCESSOR_DEFINITIONS = (
					"DEBUG=1",
					"$(inherited)",
				);
				GCC_WARN_64_TO_32_BIT_CONVERSION = YES;
				GCC_WARN_ABOUT_RETURN_TYPE = YES_ERROR;
				GCC_WARN_UNDECLARED_SELECTOR = YES;
				GCC_WARN_UNINITIALIZED_AUTOS = YES_AGGRESSIVE;
				GCC_WARN_UNUSED_FUNCTION = YES;
				GCC_WARN_UNUSED_VARIABLE = YES;
				IPHONEOS_DEPLOYMENT_TARGET = 11.1;
				MTL_ENABLE_DEBUG_INFO = YES;
				ONLY_ACTIVE_ARCH = YES;
				SDKROOT = iphoneos;
			};
			name = Debug;
		};
		0395DCC31FD4E42100290FE4 /* Release */ = {
			isa = XCBuildConfiguration;
			buildSettings = {
				ALWAYS_SEARCH_USER_PATHS = NO;
				CLANG_ANALYZER_NONNULL = YES;
				CLANG_ANALYZER_NUMBER_OBJECT_CONVERSION = YES_AGGRESSIVE;
				CLANG_CXX_LANGUAGE_STANDARD = "gnu++14";
				CLANG_CXX_LIBRARY = "libc++";
				CLANG_ENABLE_MODULES = YES;
				CLANG_ENABLE_OBJC_ARC = YES;
				CLANG_WARN_BLOCK_CAPTURE_AUTORELEASING = YES;
				CLANG_WARN_BOOL_CONVERSION = YES;
				CLANG_WARN_COMMA = YES;
				CLANG_WARN_CONSTANT_CONVERSION = YES;
				CLANG_WARN_DIRECT_OBJC_ISA_USAGE = YES_ERROR;
				CLANG_WARN_DOCUMENTATION_COMMENTS = YES;
				CLANG_WARN_EMPTY_BODY = YES;
				CLANG_WARN_ENUM_CONVERSION = YES;
				CLANG_WARN_INFINITE_RECURSION = YES;
				CLANG_WARN_INT_CONVERSION = YES;
				CLANG_WARN_NON_LITERAL_NULL_CONVERSION = YES;
				CLANG_WARN_OBJC_LITERAL_CONVERSION = YES;
				CLANG_WARN_OBJC_ROOT_CLASS = YES_ERROR;
				CLANG_WARN_RANGE_LOOP_ANALYSIS = YES;
				CLANG_WARN_STRICT_PROTOTYPES = YES;
				CLANG_WARN_SUSPICIOUS_MOVE = YES;
				CLANG_WARN_UNGUARDED_AVAILABILITY = YES_AGGRESSIVE;
				CLANG_WARN_UNREACHABLE_CODE = YES;
				CLANG_WARN__DUPLICATE_METHOD_MATCH = YES;
				CODE_SIGN_IDENTITY = "iPhone Developer";
				COPY_PHASE_STRIP = NO;
				DEBUG_INFORMATION_FORMAT = "dwarf-with-dsym";
				ENABLE_NS_ASSERTIONS = NO;
				ENABLE_STRICT_OBJC_MSGSEND = YES;
				GCC_C_LANGUAGE_STANDARD = gnu11;
				GCC_NO_COMMON_BLOCKS = YES;
				GCC_WARN_64_TO_32_BIT_CONVERSION = YES;
				GCC_WARN_ABOUT_RETURN_TYPE = YES_ERROR;
				GCC_WARN_UNDECLARED_SELECTOR = YES;
				GCC_WARN_UNINITIALIZED_AUTOS = YES_AGGRESSIVE;
				GCC_WARN_UNUSED_FUNCTION = YES;
				GCC_WARN_UNUSED_VARIABLE = YES;
				IPHONEOS_DEPLOYMENT_TARGET = 11.1;
				MTL_ENABLE_DEBUG_INFO = NO;
				SDKROOT = iphoneos;
				VALIDATE_PRODUCT = YES;
			};
			name = Release;
		};
		0395DCC51FD4E42100290FE4 /* Debug */ = {
			isa = XCBuildConfiguration;
			buildSettings = {
				ASSETCATALOG_COMPILER_APPICON_NAME = AppIcon;
				CODE_SIGN_STYLE = Automatic;
				DEVELOPMENT_TEAM = "";
				INFOPLIST_FILE = "$(SRCROOT)/SubtitleDemo/Info.plist";
				IPHONEOS_DEPLOYMENT_TARGET = 8.0;
				LD_RUNPATH_SEARCH_PATHS = "$(inherited) @executable_path/Frameworks";
				PRODUCT_BUNDLE_IDENTIFIER = bq.SubtitleDemo;
				PRODUCT_NAME = "$(TARGET_NAME)";
				TARGETED_DEVICE_FAMILY = "1,2";
			};
			name = Debug;
		};
		0395DCC61FD4E42100290FE4 /* Release */ = {
			isa = XCBuildConfiguration;
			buildSettings = {
				ASSETCATALOG_COMPILER_APPICON_NAME = AppIcon;
				CODE_SIGN_STYLE = Automatic;
				DEVELOPMENT_TEAM = "";
				INFOPLIST_FILE = "$(SRCROOT)/SubtitleDemo/Info.plist";
				IPHONEOS_DEPLOYMENT_TARGET = 8.0;
				LD_RUNPATH_SEARCH_PATHS = "$(inherited) @executable_path/Frameworks";
				PRODUCT_BUNDLE_IDENTIFIER = bq.SubtitleDemo;
				PRODUCT_NAME = "$(TARGET_NAME)";
				TARGETED_DEVICE_FAMILY = "1,2";
			};
			name = Release;
		};
		03AC207C2307B62100D9E2E8 /* Debug */ = {
			isa = XCBuildConfiguration;
			buildSettings = {
				CLANG_ENABLE_OBJC_WEAK = YES;
				CLANG_WARN_DEPRECATED_OBJC_IMPLEMENTATIONS = YES;
				CLANG_WARN_OBJC_IMPLICIT_RETAIN_SELF = YES;
				CODE_SIGN_IDENTITY = "-";
				CODE_SIGN_STYLE = Automatic;
				MACOSX_DEPLOYMENT_TARGET = 10.14;
				PRODUCT_NAME = "$(TARGET_NAME)";
				SDKROOT = macosx;
				SUPPORTED_PLATFORMS = macosx;
			};
			name = Debug;
		};
		03AC207D2307B62100D9E2E8 /* Release */ = {
			isa = XCBuildConfiguration;
			buildSettings = {
				CLANG_ENABLE_OBJC_WEAK = YES;
				CLANG_WARN_DEPRECATED_OBJC_IMPLEMENTATIONS = YES;
				CLANG_WARN_OBJC_IMPLICIT_RETAIN_SELF = YES;
				CODE_SIGN_IDENTITY = "-";
				CODE_SIGN_STYLE = Automatic;
				MACOSX_DEPLOYMENT_TARGET = 10.14;
				PRODUCT_NAME = "$(TARGET_NAME)";
				SDKROOT = macosx;
				SUPPORTED_PLATFORMS = macosx;
			};
			name = Release;
		};
/* End XCBuildConfiguration section */

/* Begin XCConfigurationList section */
		0395DCA91FD4E42100290FE4 /* Build configuration list for PBXProject "SubtitleDemo" */ = {
			isa = XCConfigurationList;
			buildConfigurations = (
				0395DCC21FD4E42100290FE4 /* Debug */,
				0395DCC31FD4E42100290FE4 /* Release */,
			);
			defaultConfigurationIsVisible = 0;
			defaultConfigurationName = Release;
		};
		0395DCC41FD4E42100290FE4 /* Build configuration list for PBXNativeTarget "SubtitleDemo" */ = {
			isa = XCConfigurationList;
			buildConfigurations = (
				0395DCC51FD4E42100290FE4 /* Debug */,
				0395DCC61FD4E42100290FE4 /* Release */,
			);
			defaultConfigurationIsVisible = 0;
			defaultConfigurationName = Release;
		};
		03AC207B2307B62100D9E2E8 /* Build configuration list for PBXNativeTarget "ParserDemo" */ = {
			isa = XCConfigurationList;
			buildConfigurations = (
				03AC207C2307B62100D9E2E8 /* Debug */,
				03AC207D2307B62100D9E2E8 /* Release */,
			);
			defaultConfigurationIsVisible = 0;
			defaultConfigurationName = Release;
		};
/* End XCConfigurationList section */
	};
	rootObject = 0395DCA61FD4E42100290FE4 /* Project object */;
}
